
Microsoft Visual Studio Solution File, Format Version 12.00
# Visual Studio Version 17
VisualStudioVersion = 17.0.31903.59
MinimumVisualStudioVersion = 10.0.40219.1
Project("{FAE04EC0-301F-11D3-BF4B-00C04F79EFBC}") = "FirestoreSampleDAL", "FirestoreSampleDAL\FirestoreSampleDAL.csproj", "{ECCD39C2-F7D8-4F56-AF4B-46CFCBD99ABD}"
EndProject
Project("{FAE04EC0-301F-11D3-BF4B-00C04F79EFBC}") = "FirestoreSampleConsole", "FirestoreSampleConsole\FirestoreSampleConsole.csproj", "{0502EA52-E735-49EF-BA93-8B4D2FEC32C3}"
EndProject
Global
	GlobalSection(SolutionConfigurationPlatforms) = preSolution
		Debug|Any CPU = Debug|Any CPU
		Release|Any CPU = Release|Any CPU
	EndGlobalSection
	GlobalSection(SolutionProperties) = preSolution
		HideSolutionNode = FALSE
	EndGlobalSection
	GlobalSection(ProjectConfigurationPlatforms) = postSolution
		{2A1E05EF-003E-4CD7-85FC-55D2E999039C}.Debug|Any CPU.ActiveCfg = Debug|Any CPU
		{2A1E05EF-003E-4CD7-85FC-55D2E999039C}.Debug|Any CPU.Build.0 = Debug|Any CPU
		{2A1E05EF-003E-4CD7-85FC-55D2E999039C}.Release|Any CPU.ActiveCfg = Release|Any CPU
		{2A1E05EF-003E-4CD7-85FC-55D2E999039C}.Release|Any CPU.Build.0 = Release|Any CPU
		{ECCD39C2-F7D8-4F56-AF4B-46CFCBD99ABD}.Debug|Any CPU.ActiveCfg = Debug|Any CPU
		{ECCD39C2-F7D8-4F56-AF4B-46CFCBD99ABD}.Debug|Any CPU.Build.0 = Debug|Any CPU
		{ECCD39C2-F7D8-4F56-AF4B-46CFCBD99ABD}.Release|Any CPU.ActiveCfg = Release|Any CPU
		{ECCD39C2-F7D8-4F56-AF4B-46CFCBD99ABD}.Release|Any CPU.Build.0 = Release|Any CPU
		{0502EA52-E735-49EF-BA93-8B4D2FEC32C3}.Debug|Any CPU.ActiveCfg = Debug|Any CPU
		{0502EA52-E735-49EF-BA93-8B4D2FEC32C3}.Debug|Any CPU.Build.0 = Debug|Any CPU
		{0502EA52-E735-49EF-BA93-8B4D2FEC32C3}.Release|Any CPU.ActiveCfg = Release|Any CPU
		{0502EA52-E735-49EF-BA93-8B4D2FEC32C3}.Release|Any CPU.Build.0 = Release|Any CPU
	EndGlobalSection
EndGlobal
